name: Generate uv.lock

on:
  workflow_dispatch:

permissions:
  contents: write

jobs:
  lock:
    runs-on: ubuntu-latest
    steps:
      - name: Checkout
        uses: actions/checkout@v4

      - name: Setup Python
        uses: actions/setup-python@v5
        with:
          python-version: "3.11"

      - name: Setup uv
        uses: astral-sh/setup-uv@v3

      - name: Generate lockfile
        run: uv lock

      - name: Commit uv.lock (if changed)
        run: |
          git config user.name "github-actions[bot]"
          git config user.email "github-actions[bot]@users.noreply.github.com"

          if [ ! -f uv.lock ]; then
            echo "uv.lock was not generated"; exit 1
          fi

          git add uv.lock
          if git diff --cached --quiet; then
            echo "No changes to commit"
            exit 0
          fi

          git commit -m "Add uv.lock for deployment"
          git push
